// !$*UTF8*$!
{
	archiveVersion = 1;
	classes = {
	};
	objectVersion = 56;
	objects = {

/* Begin PBXBuildFile section */
		B84676C12A58364500D77446 /* Localizable.strings in Resources */ = {isa = PBXBuildFile; fileRef = B84676BE2A58364500D77446 /* Localizable.strings */; };
		B8ED6FE22A570ADB007600D9 /* ChangelanguageAppApp.swift in Sources */ = {isa = PBXBuildFile; fileRef = B8ED6FE12A570ADB007600D9 /* ChangelanguageAppApp.swift */; };
		B8ED6FE42A570ADB007600D9 /* ContentView.swift in Sources */ = {isa = PBXBuildFile; fileRef = B8ED6FE32A570ADB007600D9 /* ContentView.swift */; };
		B8ED6FE62A570AE0007600D9 /* Assets.xcassets in Resources */ = {isa = PBXBuildFile; fileRef = B8ED6FE52A570AE0007600D9 /* Assets.xcassets */; };
		B8ED6FE92A570AE0007600D9 /* Preview Assets.xcassets in Resources */ = {isa = PBXBuildFile; fileRef = B8ED6FE82A570AE0007600D9 /* Preview Assets.xcassets */; };
		B8ED6FF12A570D3F007600D9 /* LanguageManagerSwiftUI in Frameworks */ = {isa = PBXBuildFile; productRef = B8ED6FF02A570D3F007600D9 /* LanguageManagerSwiftUI */; };
		B8ED6FF32A57101C007600D9 /* AppButtonStyle.swift in Sources */ = {isa = PBXBuildFile; fileRef = B8ED6FF22A57101C007600D9 /* AppButtonStyle.swift */; };
		B8ED6FF52A5710A9007600D9 /* HomeView.swift in Sources */ = {isa = PBXBuildFile; fileRef = B8ED6FF42A5710A9007600D9 /* HomeView.swift */; };
/* End PBXBuildFile section */

/* Begin PBXFileReference section */
		B84676BF2A58364500D77446 /* en */ = {isa = PBXFileReference; lastKnownFileType = text.plist.strings; name = en; path = "../../../../Downloads/LanguageManager-SwiftUI-main/Example/Example/Assets/en.lproj/Localizable.strings"; sourceTree = "<group>"; };
		B84676C02A58364500D77446 /* ar */ = {isa = PBXFileReference; lastKnownFileType = text.plist.strings; name = ar; path = "../../../../Downloads/LanguageManager-SwiftUI-main/Example/Example/Assets/ar.lproj/Localizable.strings"; sourceTree = "<group>"; };
		B8ED6FDE2A570ADB007600D9 /* ChangelanguageApp.app */ = {isa = PBXFileReference; explicitFileType = wrapper.application; includeInIndex = 0; path = ChangelanguageApp.app; sourceTree = BUILT_PRODUCTS_DIR; };
		B8ED6FE12A570ADB007600D9 /* ChangelanguageAppApp.swift */ = {isa = PBXFileReference; lastKnownFileType = sourcecode.swift; path = ChangelanguageAppApp.swift; sourceTree = "<group>"; };
		B8ED6FE32A570ADB007600D9 /* ContentView.swift */ = {isa = PBXFileReference; lastKnownFileType = sourcecode.swift; path = ContentView.swift; sourceTree = "<group>"; };
		B8ED6FE52A570AE0007600D9 /* Assets.xcassets */ = {isa = PBXFileReference; lastKnownFileType = folder.assetcatalog; path = Assets.xcassets; sourceTree = "<group>"; };
		B8ED6FE82A570AE0007600D9 /* Preview Assets.xcassets */ = {isa = PBXFileReference; lastKnownFileType = folder.assetcatalog; path = "Preview Assets.xcassets"; sourceTree = "<group>"; };
		B8ED6FF22A57101C007600D9 /* AppButtonStyle.swift */ = {isa = PBXFileReference; lastKnownFileType = sourcecode.swift; path = AppButtonStyle.swift; sourceTree = "<group>"; };
		B8ED6FF42A5710A9007600D9 /* HomeView.swift */ = {isa = PBXFileReference; lastKnownFileType = sourcecode.swift; path = HomeView.swift; sourceTree = "<group>"; };
/* End PBXFileReference section */

/* Begin PBXFrameworksBuildPhase section */
		B8ED6FDB2A570ADB007600D9 /* Frameworks */ = {
			isa = PBXFrameworksBuildPhase;
			buildActionMask = 2147483647;
			files = (
				B8ED6FF12A570D3F007600D9 /* LanguageManagerSwiftUI in Frameworks */,
			);
			runOnlyForDeploymentPostprocessing = 0;
		};
/* End PBXFrameworksBuildPhase section */

/* Begin PBXGroup section */
		B8ED6FD52A570ADA007600D9 = {
			isa = PBXGroup;
			children = (
				B8ED6FE02A570ADB007600D9 /* ChangelanguageApp */,
				B8ED6FDF2A570ADB007600D9 /* Products */,
			);
			sourceTree = "<group>";
		};
		B8ED6FDF2A570ADB007600D9 /* Products */ = {
			isa = PBXGroup;
			children = (
				B8ED6FDE2A570ADB007600D9 /* ChangelanguageApp.app */,
			);
			name = Products;
			sourceTree = "<group>";
		};
		B8ED6FE02A570ADB007600D9 /* ChangelanguageApp */ = {
			isa = PBXGroup;
			children = (
				B8ED6FE12A570ADB007600D9 /* ChangelanguageAppApp.swift */,
				B8ED6FE32A570ADB007600D9 /* ContentView.swift */,
				B8ED6FF42A5710A9007600D9 /* HomeView.swift */,
				B8ED6FF22A57101C007600D9 /* AppButtonStyle.swift */,
				B8ED6FE52A570AE0007600D9 /* Assets.xcassets */,
				B8ED6FE72A570AE0007600D9 /* Preview Content */,
				B84676BE2A58364500D77446 /* Localizable.strings */,
			);
			path = ChangelanguageApp;
			sourceTree = "<group>";
		};
		B8ED6FE72A570AE0007600D9 /* Preview Content */ = {
			isa = PBXGroup;
			children = (
				B8ED6FE82A570AE0007600D9 /* Preview Assets.xcassets */,
			);
			path = "Preview Content";
			sourceTree = "<group>";
		};
/* End PBXGroup section */

/* Begin PBXNativeTarget section */
		B8ED6FDD2A570ADB007600D9 /* ChangelanguageApp */ = {
			isa = PBXNativeTarget;
			buildConfigurationList = B8ED6FEC2A570AE0007600D9 /* Build configuration list for PBXNativeTarget "ChangelanguageApp" */;
			buildPhases = (
				B8ED6FDA2A570ADB007600D9 /* Sources */,
				B8ED6FDB2A570ADB007600D9 /* Frameworks */,
				B8ED6FDC2A570ADB007600D9 /* Resources */,
			);
			buildRules = (
			);
			dependencies = (
			);
			name = ChangelanguageApp;
			packageProductDependencies = (
				B8ED6FF02A570D3F007600D9 /* LanguageManagerSwiftUI */,
			);
			productName = ChangelanguageApp;
			productReference = B8ED6FDE2A570ADB007600D9 /* ChangelanguageApp.app */;
			productType = "com.apple.product-type.application";
		};
/* End PBXNativeTarget section */

/* Begin PBXProject section */
		B8ED6FD62A570ADA007600D9 /* Project object */ = {
			isa = PBXProject;
			attributes = {
				BuildIndependentTargetsInParallel = 1;
				LastSwiftUpdateCheck = 1420;
				LastUpgradeCheck = 1420;
				TargetAttributes = {
					B8ED6FDD2A570ADB007600D9 = {
						CreatedOnToolsVersion = 14.2;
					};
				};
			};
			buildConfigurationList = B8ED6FD92A570ADA007600D9 /* Build configuration list for PBXProject "ChangelanguageApp" */;
			compatibilityVersion = "Xcode 14.0";
			developmentRegion = en;
			hasScannedForEncodings = 0;
			knownRegions = (
				en,
				Base,
				ar,
			);
			mainGroup = B8ED6FD52A570ADA007600D9;
			packageReferences = (
				B8ED6FEF2A570D3F007600D9 /* XCRemoteSwiftPackageReference "LanguageManager-SwiftUI" */,
			);
			productRefGroup = B8ED6FDF2A570ADB007600D9 /* Products */;
			projectDirPath = "";
			projectRoot = "";
			targets = (
				B8ED6FDD2A570ADB007600D9 /* ChangelanguageApp */,
			);
		};
/* End PBXProject section */

/* Begin PBXResourcesBuildPhase section */
		B8ED6FDC2A570ADB007600D9 /* Resources */ = {
			isa = PBXResourcesBuildPhase;
			buildActionMask = 2147483647;
			files = (
				B8ED6FE92A570AE0007600D9 /* Preview Assets.xcassets in Resources */,
				B84676C12A58364500D77446 /* Localizable.strings in Resources */,
				B8ED6FE62A570AE0007600D9 /* Assets.xcassets in Resources */,
			);
			runOnlyForDeploymentPostprocessing = 0;
		};
/* End PBXResourcesBuildPhase section */

/* Begin PBXSourcesBuildPhase section */
		B8ED6FDA2A570ADB007600D9 /* Sources */ = {
			isa = PBXSourcesBuildPhase;
			buildActionMask = 2147483647;
			files = (
				B8ED6FF32A57101C007600D9 /* AppButtonStyle.swift in Sources */,
				B8ED6FF52A5710A9007600D9 /* HomeView.swift in Sources */,
				B8ED6FE42A570ADB007600D9 /* ContentView.swift in Sources */,
				B8ED6FE22A570ADB007600D9 /* ChangelanguageAppApp.swift in Sources */,
			);
			runOnlyForDeploymentPostprocessing = 0;
		};
/* End PBXSourcesBuildPhase section */

/* Begin PBXVariantGroup section */
		B84676BE2A58364500D77446 /* Localizable.strings */ = {
			isa = PBXVariantGroup;
			children = (
				B84676BF2A58364500D77446 /* en */,
				B84676C02A58364500D77446 /* ar */,
			);
			name = Localizable.strings;
			sourceTree = "<group>";
		};
/* End PBXVariantGroup section */

/* Begin XCBuildConfiguration section */
		B8ED6FEA2A570AE0007600D9 /* Debug */ = {
			isa = XCBuildConfiguration;
			buildSettings = {
				ALWAYS_SEARCH_USER_PATHS = NO;
				CLANG_ANALYZER_NONNULL = YES;
				CLANG_ANALYZER_NUMBER_OBJECT_CONVERSION = YES_AGGRESSIVE;
				CLANG_CXX_LANGUAGE_STANDARD = "gnu++20";
				CLANG_ENABLE_MODULES = YES;
				CLANG_ENABLE_OBJC_ARC = YES;
				CLANG_ENABLE_OBJC_WEAK = YES;
				CLANG_WARN_BLOCK_CAPTURE_AUTORELEASING = YES;
				CLANG_WARN_BOOL_CONVERSION = YES;
				CLANG_WARN_COMMA = YES;
				CLANG_WARN_CONSTANT_CONVERSION = YES;
				CLANG_WARN_DEPRECATED_OBJC_IMPLEMENTATIONS = YES;
				CLANG_WARN_DIRECT_OBJC_ISA_USAGE = YES_ERROR;
				CLANG_WARN_DOCUMENTATION_COMMENTS = YES;
				CLANG_WARN_EMPTY_BODY = YES;
				CLANG_WARN_ENUM_CONVERSION = YES;
				CLANG_WARN_INFINITE_RECURSION = YES;
				CLANG_WARN_INT_CONVERSION = YES;
				CLANG_WARN_NON_LITERAL_NULL_CONVERSION = YES;
				CLANG_WARN_OBJC_IMPLICIT_RETAIN_SELF = YES;
				CLANG_WARN_OBJC_LITERAL_CONVERSION = YES;
				CLANG_WARN_OBJC_ROOT_CLASS = YES_ERROR;
				CLANG_WARN_QUOTED_INCLUDE_IN_FRAMEWORK_HEADER = YES;
				CLANG_WARN_RANGE_LOOP_ANALYSIS = YES;
				CLANG_WARN_STRICT_PROTOTYPES = YES;
				CLANG_WARN_SUSPICIOUS_MOVE = YES;
				CLANG_WARN_UNGUARDED_AVAILABILITY = YES_AGGRESSIVE;
				CLANG_WARN_UNREACHABLE_CODE = YES;
				CLANG_WARN__DUPLICATE_METHOD_MATCH = YES;
				COPY_PHASE_STRIP = NO;
				DEBUG_INFORMATION_FORMAT = dwarf;
				ENABLE_STRICT_OBJC_MSGSEND = YES;
				ENABLE_TESTABILITY = YES;
				GCC_C_LANGUAGE_STANDARD = gnu11;
				GCC_DYNAMIC_NO_PIC = NO;
				GCC_NO_COMMON_BLOCKS = YES;
				GCC_OPTIMIZATION_LEVEL = 0;
				GCC_PREPROCESSOR_DEFINITIONS = (
					"DEBUG=1",
					"$(inherited)",
				);
				GCC_WARN_64_TO_32_BIT_CONVERSION = YES;
				GCC_WARN_ABOUT_RETURN_TYPE = YES_ERROR;
				GCC_WARN_UNDECLARED_SELECTOR = YES;
				GCC_WARN_UNINITIALIZED_AUTOS = YES_AGGRESSIVE;
				GCC_WARN_UNUSED_FUNCTION = YES;
				GCC_WARN_UNUSED_VARIABLE = YES;
				IPHONEOS_DEPLOYMENT_TARGET = 16.2;
				MTL_ENABLE_DEBUG_INFO = INCLUDE_SOURCE;
				MTL_FAST_MATH = YES;
				ONLY_ACTIVE_ARCH = YES;
				SDKROOT = iphoneos;
				SWIFT_ACTIVE_COMPILATION_CONDITIONS = DEBUG;
				SWIFT_OPTIMIZATION_LEVEL = "-Onone";
			};
			name = Debug;
		};
		B8ED6FEB2A570AE0007600D9 /* Release */ = {
			isa = XCBuildConfiguration;
			buildSettings = {
				ALWAYS_SEARCH_USER_PATHS = NO;
				CLANG_ANALYZER_NONNULL = YES;
				CLANG_ANALYZER_NUMBER_OBJECT_CONVERSION = YES_AGGRESSIVE;
				CLANG_CXX_LANGUAGE_STANDARD = "gnu++20";
				CLANG_ENABLE_MODULES = YES;
				CLANG_ENABLE_OBJC_ARC = YES;
				CLANG_ENABLE_OBJC_WEAK = YES;
				CLANG_WARN_BLOCK_CAPTURE_AUTORELEASING = YES;
				CLANG_WARN_BOOL_CONVERSION = YES;
				CLANG_WARN_COMMA = YES;
				CLANG_WARN_CONSTANT_CONVERSION = YES;
				CLANG_WARN_DEPRECATED_OBJC_IMPLEMENTATIONS = YES;
				CLANG_WARN_DIRECT_OBJC_ISA_USAGE = YES_ERROR;
				CLANG_WARN_DOCUMENTATION_COMMENTS = YES;
				CLANG_WARN_EMPTY_BODY = YES;
				CLANG_WARN_ENUM_CONVERSION = YES;
				CLANG_WARN_INFINITE_RECURSION = YES;
				CLANG_WARN_INT_CONVERSION = YES;
				CLANG_WARN_NON_LITERAL_NULL_CONVERSION = YES;
				CLANG_WARN_OBJC_IMPLICIT_RETAIN_SELF = YES;
				CLANG_WARN_OBJC_LITERAL_CONVERSION = YES;
				CLANG_WARN_OBJC_ROOT_CLASS = YES_ERROR;
				CLANG_WARN_QUOTED_INCLUDE_IN_FRAMEWORK_HEADER = YES;
				CLANG_WARN_RANGE_LOOP_ANALYSIS = YES;
				CLANG_WARN_STRICT_PROTOTYPES = YES;
				CLANG_WARN_SUSPICIOUS_MOVE = YES;
				CLANG_WARN_UNGUARDED_AVAILABILITY = YES_AGGRESSIVE;
				CLANG_WARN_UNREACHABLE_CODE = YES;
				CLANG_WARN__DUPLICATE_METHOD_MATCH = YES;
				COPY_PHASE_STRIP = NO;
				DEBUG_INFORMATION_FORMAT = "dwarf-with-dsym";
				ENABLE_NS_ASSERTIONS = NO;
				ENABLE_STRICT_OBJC_MSGSEND = YES;
				GCC_C_LANGUAGE_STANDARD = gnu11;
				GCC_NO_COMMON_BLOCKS = YES;
				GCC_WARN_64_TO_32_BIT_CONVERSION = YES;
				GCC_WARN_ABOUT_RETURN_TYPE = YES_ERROR;
				GCC_WARN_UNDECLARED_SELECTOR = YES;
				GCC_WARN_UNINITIALIZED_AUTOS = YES_AGGRESSIVE;
				GCC_WARN_UNUSED_FUNCTION = YES;
				GCC_WARN_UNUSED_VARIABLE = YES;
				IPHONEOS_DEPLOYMENT_TARGET = 16.2;
				MTL_ENABLE_DEBUG_INFO = NO;
				MTL_FAST_MATH = YES;
				SDKROOT = iphoneos;
				SWIFT_COMPILATION_MODE = wholemodule;
				SWIFT_OPTIMIZATION_LEVEL = "-O";
				VALIDATE_PRODUCT = YES;
			};
			name = Release;
		};
		B8ED6FED2A570AE0007600D9 /* Debug */ = {
			isa = XCBuildConfiguration;
			buildSettings = {
				ASSETCATALOG_COMPILER_APPICON_NAME = AppIcon;
				ASSETCATALOG_COMPILER_GLOBAL_ACCENT_COLOR_NAME = AccentColor;
				CODE_SIGN_STYLE = Automatic;
				CURRENT_PROJECT_VERSION = 1;
				DEVELOPMENT_ASSET_PATHS = "\"ChangelanguageApp/Preview Content\"";
				DEVELOPMENT_TEAM = 4438DCVBWY;
				ENABLE_PREVIEWS = YES;
				GENERATE_INFOPLIST_FILE = YES;
				INFOPLIST_KEY_UIApplicationSceneManifest_Generation = YES;
				INFOPLIST_KEY_UIApplicationSupportsIndirectInputEvents = YES;
				INFOPLIST_KEY_UILaunchScreen_Generation = YES;
				INFOPLIST_KEY_UISupportedInterfaceOrientations_iPad = "UIInterfaceOrientationPortrait UIInterfaceOrientationPortraitUpsideDown UIInterfaceOrientationLandscapeLeft UIInterfaceOrientationLandscapeRight";
				INFOPLIST_KEY_UISupportedInterfaceOrientations_iPhone = "UIInterfaceOrientationPortrait UIInterfaceOrientationLandscapeLeft UIInterfaceOrientationLandscapeRight";
				LD_RUNPATH_SEARCH_PATHS = (
					"$(inherited)",
					"@executable_path/Frameworks",
				);
				MARKETING_VERSION = 1.0;
				PRODUCT_BUNDLE_IDENTIFIER = com.abdullah.ChangelanguageApp;
				PRODUCT_NAME = "$(TARGET_NAME)";
				SWIFT_EMIT_LOC_STRINGS = YES;
				SWIFT_VERSION = 5.0;
				TARGETED_DEVICE_FAMILY = "1,2";
			};
			name = Debug;
		};
		B8ED6FEE2A570AE0007600D9 /* Release */ = {
			isa = XCBuildConfiguration;
			buildSettings = {
				ASSETCATALOG_COMPILER_APPICON_NAME = AppIcon;
				ASSETCATALOG_COMPILER_GLOBAL_ACCENT_COLOR_NAME = AccentColor;
				CODE_SIGN_STYLE = Automatic;
				CURRENT_PROJECT_VERSION = 1;
				DEVELOPMENT_ASSET_PATHS = "\"ChangelanguageApp/Preview Content\"";
				DEVELOPMENT_TEAM = 4438DCVBWY;
				ENABLE_PREVIEWS = YES;
				GENERATE_INFOPLIST_FILE = YES;
				INFOPLIST_KEY_UIApplicationSceneManifest_Generation = YES;
				INFOPLIST_KEY_UIApplicationSupportsIndirectInputEvents = YES;
				INFOPLIST_KEY_UILaunchScreen_Generation = YES;
				INFOPLIST_KEY_UISupportedInterfaceOrientations_iPad = "UIInterfaceOrientationPortrait UIInterfaceOrientationPortraitUpsideDown UIInterfaceOrientationLandscapeLeft UIInterfaceOrientationLandscapeRight";
				INFOPLIST_KEY_UISupportedInterfaceOrientations_iPhone = "UIInterfaceOrientationPortrait UIInterfaceOrientationLandscapeLeft UIInterfaceOrientationLandscapeRight";
				LD_RUNPATH_SEARCH_PATHS = (
					"$(inherited)",
					"@executable_path/Frameworks",
				);
				MARKETING_VERSION = 1.0;
				PRODUCT_BUNDLE_IDENTIFIER = com.abdullah.ChangelanguageApp;
				PRODUCT_NAME = "$(TARGET_NAME)";
				SWIFT_EMIT_LOC_STRINGS = YES;
				SWIFT_VERSION = 5.0;
				TARGETED_DEVICE_FAMILY = "1,2";
			};
			name = Release;
		};
/* End XCBuildConfiguration section */

/* Begin XCConfigurationList section */
		B8ED6FD92A570ADA007600D9 /* Build configuration list for PBXProject "ChangelanguageApp" */ = {
			isa = XCConfigurationList;
			buildConfigurations = (
				B8ED6FEA2A570AE0007600D9 /* Debug */,
				B8ED6FEB2A570AE0007600D9 /* Release */,
			);
			defaultConfigurationIsVisible = 0;
			defaultConfigurationName = Release;
		};
		B8ED6FEC2A570AE0007600D9 /* Build configuration list for PBXNativeTarget "ChangelanguageApp" */ = {
			isa = XCConfigurationList;
			buildConfigurations = (
				B8ED6FED2A570AE0007600D9 /* Debug */,
				B8ED6FEE2A570AE0007600D9 /* Release */,
			);
			defaultConfigurationIsVisible = 0;
			defaultConfigurationName = Release;
		};
/* End XCConfigurationList section */

/* Begin XCRemoteSwiftPackageReference section */
		B8ED6FEF2A570D3F007600D9 /* XCRemoteSwiftPackageReference "LanguageManager-SwiftUI" */ = {
			isa = XCRemoteSwiftPackageReference;
			repositoryURL = "https://github.com/Abedalkareem/LanguageManager-SwiftUI.git";
			requirement = {
				kind = upToNextMajorVersion;
				minimumVersion = 0.0.6;
			};
		};
/* End XCRemoteSwiftPackageReference section */

/* Begin XCSwiftPackageProductDependency section */
		B8ED6FF02A570D3F007600D9 /* LanguageManagerSwiftUI */ = {
			isa = XCSwiftPackageProductDependency;
			package = B8ED6FEF2A570D3F007600D9 /* XCRemoteSwiftPackageReference "LanguageManager-SwiftUI" */;
			productName = LanguageManagerSwiftUI;
		};
/* End XCSwiftPackageProductDependency section */
	};
	rootObject = B8ED6FD62A570ADA007600D9 /* Project object */;
}
